apiVersion: vendir.k14s.io/v1alpha1
directories:
- contents:
  - git:
      commitTitle: 'test-unit: run Go unit tests in nested modules (#1469)...'
      sha: bb72f49d79f009a960eed2ae6c32e1cc082399c5
      tags:
      - v1.0.0
    path: .
  path: helm/agent-sandbox/charts/agent-sandbox
- contents:
  - git:
      commitTitle: 'test-unit: run Go unit tests in nested modules (#1469)...'
      sha: bb72f49d79f009a960eed2ae6c32e1cc082399c5
      tags:
      - v1.0.0
    path: .
  path: helm/agent-sandbox/crds
kind: LockConfig
