apiVersion: vendir.k14s.io/v1alpha1
directories:
- contents:
  - git:
      commitTitle: 'kep: update KEP-539.2 to add implementable design for the sandboxd
        portable backend hybrid protocol (#1151)...'
      sha: 7935857fee859bb18752ee04d8948b975e47ff20
      tags:
      - v0.5.3
    path: .
  path: helm/agent-sandbox/charts/agent-sandbox
- contents:
  - git:
      commitTitle: 'kep: update KEP-539.2 to add implementable design for the sandboxd
        portable backend hybrid protocol (#1151)...'
      sha: 7935857fee859bb18752ee04d8948b975e47ff20
      tags:
      - v0.5.3
    path: .
  path: helm/agent-sandbox/crds
kind: LockConfig
