apiVersion: vendir.k14s.io/v1alpha1
directories:
- contents:
  - git:
      commitTitle: consolidate AI review guidelines (#1401)...
      sha: 211b7579cabed9460c1a692eb687084ff4c5879d
      tags:
      - v0.5.6
    path: .
  path: helm/agent-sandbox/charts/agent-sandbox
- contents:
  - git:
      commitTitle: consolidate AI review guidelines (#1401)...
      sha: 211b7579cabed9460c1a692eb687084ff4c5879d
      tags:
      - v0.5.6
    path: .
  path: helm/agent-sandbox/crds
kind: LockConfig
